
Microsoft Visual Studio Solution File, Format Version 12.00
# Visual Studio Version 16
VisualStudioVersion = 16.0.30503.244
MinimumVisualStudioVersion = 10.0.40219.1
Project("{9A19103F-16F7-4668-BE54-9A1E7A4F7556}") = "TrackerLibrary", "TrackerLibrary\TrackerLibrary.csproj", "{533D8A50-E3F1-4871-9CDE-48FED66587CD}"
EndProject
Project("{FAE04EC0-301F-11D3-BF4B-00C04F79EFBC}") = "TrackerUI", "TrackerUI\TrackerUI.csproj", "{ED501682-8E31-4B34-9E36-2057FE7F506E}"
EndProject
Global
	GlobalSection(SolutionConfigurationPlatforms) = preSolution
		Debug|Any CPU = Debug|Any CPU
		Release|Any CPU = Release|Any CPU
	EndGlobalSection
	GlobalSection(ProjectConfigurationPlatforms) = postSolution
		{533D8A50-E3F1-4871-9CDE-48FED66587CD}.Debug|Any CPU.ActiveCfg = Debug|Any CPU
		{533D8A50-E3F1-4871-9CDE-48FED66587CD}.Debug|Any CPU.Build.0 = Debug|Any CPU
		{533D8A50-E3F1-4871-9CDE-48FED66587CD}.Release|Any CPU.ActiveCfg = Release|Any CPU
		{533D8A50-E3F1-4871-9CDE-48FED66587CD}.Release|Any CPU.Build.0 = Release|Any CPU
		{ED501682-8E31-4B34-9E36-2057FE7F506E}.Debug|Any CPU.ActiveCfg = Debug|Any CPU
		{ED501682-8E31-4B34-9E36-2057FE7F506E}.Debug|Any CPU.Build.0 = Debug|Any CPU
		{ED501682-8E31-4B34-9E36-2057FE7F506E}.Release|Any CPU.ActiveCfg = Release|Any CPU
		{ED501682-8E31-4B34-9E36-2057FE7F506E}.Release|Any CPU.Build.0 = Release|Any CPU
	EndGlobalSection
	GlobalSection(SolutionProperties) = preSolution
		HideSolutionNode = FALSE
	EndGlobalSection
	GlobalSection(ExtensibilityGlobals) = postSolution
		SolutionGuid = {CBD61510-D029-45B2-B53F-7370968DF4A4}
	EndGlobalSection
EndGlobal
